{
  "lockfile_version": "1",
  "packages": {
    "terraform@1.8.3": {
      "last_modified": "2024-05-22T06:18:38Z",
      "resolved": "github:NixOS/nixpkgs/3f316d2a50699a78afe5e77ca486ad553169061e#terraform",
      "source": "devbox-search",
      "version": "1.8.3",
      "systems": {
        "aarch64-darwin": {
          "outputs": [
            {
              "name": "out",
              "path": "/nix/store/kkrda0aa33hm6lyhp97wpjlq0zmnls8a-terraform-1.8.3",
              "default": true
            }
          ],
          "store_path": "/nix/store/kkrda0aa33hm6lyhp97wpjlq0zmnls8a-terraform-1.8.3"
        },
        "aarch64-linux": {
          "outputs": [
            {
              "name": "out",
              "path": "/nix/store/0y6xsqvl8ykkmlwpf4ffw7lgiycdj0jl-terraform-1.8.3",
              "default": true
            }
          ],
          "store_path": "/nix/store/0y6xsqvl8ykkmlwpf4ffw7lgiycdj0jl-terraform-1.8.3"
        },
        "x86_64-darwin": {
          "outputs": [
            {
              "name": "out",
              "path": "/nix/store/m36afwq2g8f8pwg9x3kv9wbfswnriv4m-terraform-1.8.3",
              "default": true
            }
          ],
          "store_path": "/nix/store/m36afwq2g8f8pwg9x3kv9wbfswnriv4m-terraform-1.8.3"
        },
        "x86_64-linux": {
          "outputs": [
            {
              "name": "out",
              "path": "/nix/store/c30cq2hs8j44jdv0w98d4cd7gq9nc5v7-terraform-1.8.3",
              "default": true
            }
          ],
          "store_path": "/nix/store/c30cq2hs8j44jdv0w98d4cd7gq9nc5v7-terraform-1.8.3"
        }
      }
    }
  }
}
